
Microsoft Visual Studio Solution File, Format Version 12.00
# Visual Studio Version 17
VisualStudioVersion = 17.0.31903.59
MinimumVisualStudioVersion = 10.0.40219.1
Project("{2150E333-8FDC-42A3-9474-1A3956D46DE8}") = "src", "src", "{123C371A-07C7-4CB8-BB17-3354463B075D}"
EndProject
Project("{2150E333-8FDC-42A3-9474-1A3956D46DE8}") = "Common", "Common", "{C161B31F-974B-4C9E-B1B2-9CC1EC0DA774}"
EndProject
Project("{2150E333-8FDC-42A3-9474-1A3956D46DE8}") = "Solution Items", "Solution Items", "{E6709333-F3E8-45BD-9052-1BEECF0D3904}"
	ProjectSection(SolutionItems) = preProject
		.editorconfig = .editorconfig
		.gitignore = .gitignore
		.gitattributes = .gitattributes
		Directory.Build.props = Directory.Build.props
		Directory.Packages.props = Directory.Packages.props
		README.md = README.md
	EndProjectSection
EndProject
Project("{9A19103F-16F7-4668-BE54-9A1E7A4F7556}") = "Host", "src\Host\Host.csproj", "{86F3B14C-632E-40C1-9547-B760019F3342}"
EndProject
Project("{2150E333-8FDC-42A3-9474-1A3956D46DE8}") = "workflows", "workflows", "{48702C3D-CFDB-4855-8EB0-92B8E19F06D8}"
	ProjectSection(SolutionItems) = preProject
		.github\workflows\ci_cd.yml = .github\workflows\ci_cd.yml
	EndProjectSection
EndProject
Project("{9A19103F-16F7-4668-BE54-9A1E7A4F7556}") = "Common.InterModuleRequests", "src\Common\Common.InterModuleRequests\Common.InterModuleRequests.csproj", "{2DEE0752-DB5A-416F-A7AF-1E9AC09EF8D7}"
EndProject
Project("{E53339B2-1760-4266-BCC7-CA923CBCF16C}") = "docker-compose", "docker-compose.dcproj", "{5CA4B263-0899-44B7-B8C3-73AEF4964FA9}"
EndProject
Project("{2150E333-8FDC-42A3-9474-1A3956D46DE8}") = "Modules", "Modules", "{421B79E0-2999-47BA-9CC8-EE08E3F8CC5A}"
EndProject
Project("{2150E333-8FDC-42A3-9474-1A3956D46DE8}") = "Products", "Products", "{BF92B0F3-F0FB-4E74-A7E2-5D383A56D58C}"
EndProject
Project("{9A19103F-16F7-4668-BE54-9A1E7A4F7556}") = "Common.IntegrationEvents", "src\Common\Common.IntegrationEvents\Common.IntegrationEvents.csproj", "{8AD82011-C7DE-4E30-8157-7C991886F458}"
EndProject
Project("{9A19103F-16F7-4668-BE54-9A1E7A4F7556}") = "Common.Domain", "src\Common\Common.Domain\Common.Domain.csproj", "{93C276C0-67AF-4986-ACB0-F620A58125CD}"
EndProject
Project("{9A19103F-16F7-4668-BE54-9A1E7A4F7556}") = "Common.Application", "src\Common\Common.Application\Common.Application.csproj", "{08716446-0872-4A41-BD74-99DAA887C044}"
EndProject
Project("{9A19103F-16F7-4668-BE54-9A1E7A4F7556}") = "Common.Infrastructure", "src\Common\Common.Infrastructure\Common.Infrastructure.csproj", "{A816E0F4-5C3F-44A3-A73E-F27B7BA97D57}"
EndProject
Project("{2150E333-8FDC-42A3-9474-1A3956D46DE8}") = "Notifications", "Notifications", "{F842434C-F8E1-42E4-BEE4-FAE508D32604}"
EndProject
Project("{9A19103F-16F7-4668-BE54-9A1E7A4F7556}") = "Notifications.Infrastructure", "src\Modules\Notifications\Notifications.Infrastructure\Notifications.Infrastructure.csproj", "{43B85A95-2EB8-4794-8EDA-F21D164B8653}"
EndProject
Project("{9A19103F-16F7-4668-BE54-9A1E7A4F7556}") = "Notifications.Application", "src\Modules\Notifications\Notifications.Application\Notifications.Application.csproj", "{B98762C6-316C-4D58-9665-FAB457C51956}"
EndProject
Project("{2150E333-8FDC-42A3-9474-1A3956D46DE8}") = "IAM", "IAM", "{1C87A8D6-AD2E-423B-86E0-BD35C94BE21A}"
EndProject
Project("{9A19103F-16F7-4668-BE54-9A1E7A4F7556}") = "Notifications.Domain", "src\Modules\Notifications\Notifications.Domain\Notifications.Domain.csproj", "{9EF59AF5-4F02-4157-8682-8ACF556B5D7E}"
EndProject
Project("{2150E333-8FDC-42A3-9474-1A3956D46DE8}") = "tests", "tests", "{A60171E9-9803-4A8D-B835-6FDF7BE470DE}"
EndProject
Project("{2150E333-8FDC-42A3-9474-1A3956D46DE8}") = "UnitTests", "UnitTests", "{4206D6AD-8E06-405A-8DBE-40B796236F0F}"
EndProject
Project("{2150E333-8FDC-42A3-9474-1A3956D46DE8}") = "Modules", "Modules", "{F7D709B8-4AF0-4C92-BD63-854969999183}"
EndProject
Project("{9A19103F-16F7-4668-BE54-9A1E7A4F7556}") = "UnitTests.Common", "tests\UnitTests\UnitTests.Common\UnitTests.Common.csproj", "{6F0BD5ED-5063-4289-94B7-A6EA624398D7}"
EndProject
Project("{9A19103F-16F7-4668-BE54-9A1E7A4F7556}") = "IAM.Application", "src\Modules\IAM\IAM.Application\IAM.Application.csproj", "{39DA1EC6-26B5-46DA-BCE1-A94577442A98}"
EndProject
Project("{9A19103F-16F7-4668-BE54-9A1E7A4F7556}") = "IAM.Domain", "src\Modules\IAM\IAM.Domain\IAM.Domain.csproj", "{5AC9A2F1-7F24-4DEF-AAA7-85F80ECE2968}"
EndProject
Project("{9A19103F-16F7-4668-BE54-9A1E7A4F7556}") = "IAM.Infrastructure", "src\Modules\IAM\IAM.Infrastructure\IAM.Infrastructure.csproj", "{11873F6F-252D-42EE-8071-6C4ECD59CFD6}"
EndProject
Project("{9A19103F-16F7-4668-BE54-9A1E7A4F7556}") = "Outbox", "src\Modules\Outbox\Outbox.csproj", "{F4489ED6-B2FD-4B12-A805-A9382A638AFB}"
EndProject
Project("{9A19103F-16F7-4668-BE54-9A1E7A4F7556}") = "BackgroundJobs", "src\Modules\BackgroundJobs\BackgroundJobs.csproj", "{B932CD5A-E2D2-4E22-A528-B4B94FECF38D}"
EndProject
Project("{2150E333-8FDC-42A3-9474-1A3956D46DE8}") = "prometheus", "prometheus", "{BCFA7F61-7B70-4B58-9761-F2B1D9AF04C8}"
	ProjectSection(SolutionItems) = preProject
		observability\prometheus\prometheus.yml = observability\prometheus\prometheus.yml
	EndProjectSection
EndProject
Project("{2150E333-8FDC-42A3-9474-1A3956D46DE8}") = "grafana", "grafana", "{111F60B8-ED74-4C81-93B4-98DBB59A40F7}"
EndProject
Project("{2150E333-8FDC-42A3-9474-1A3956D46DE8}") = "dashboards", "dashboards", "{2CA92E5B-D22B-4299-BA20-1D52FC9ECEE9}"
	ProjectSection(SolutionItems) = preProject
		observability\grafana\dashboards\aspnetcore.json = observability\grafana\dashboards\aspnetcore.json
		observability\grafana\dashboards\aspnetcore_endpoint.json = observability\grafana\dashboards\aspnetcore_endpoint.json
		observability\grafana\dashboards\aspnet_otel.json = observability\grafana\dashboards\aspnet_otel.json
		observability\grafana\dashboards\cadvisor.json = observability\grafana\dashboards\cadvisor.json
		observability\grafana\dashboards\node_exporter.json = observability\grafana\dashboards\node_exporter.json
		observability\grafana\dashboards\postgresql.json = observability\grafana\dashboards\postgresql.json
	EndProjectSection
EndProject
Project("{2150E333-8FDC-42A3-9474-1A3956D46DE8}") = "provisioning", "provisioning", "{F433B40E-06CB-4E05-BD84-F09440492105}"
EndProject
Project("{2150E333-8FDC-42A3-9474-1A3956D46DE8}") = "dashboards", "dashboards", "{B546BBBC-6EA6-4773-B059-33F0D0B7F2C1}"
	ProjectSection(SolutionItems) = preProject
		observability\grafana\provisioning\dashboards\dashboard.yml = observability\grafana\provisioning\dashboards\dashboard.yml
	EndProjectSection
EndProject
Project("{2150E333-8FDC-42A3-9474-1A3956D46DE8}") = "datasources", "datasources", "{59CE81AF-1522-4A63-8B53-2BB8683CFE2F}"
	ProjectSection(SolutionItems) = preProject
		observability\grafana\provisioning\datasources\datasource.yml = observability\grafana\provisioning\datasources\datasource.yml
	EndProjectSection
EndProject
Project("{2150E333-8FDC-42A3-9474-1A3956D46DE8}") = "observability", "observability", "{7CEAA17C-1E99-46DF-A3DF-AB10E693D278}"
	ProjectSection(SolutionItems) = preProject
		observability\otel-collector-config.yml = observability\otel-collector-config.yml
	EndProjectSection
EndProject
Project("{FAE04EC0-301F-11D3-BF4B-00C04F79EFBC}") = "Common.SourceGenerators", "src\Common\Common.SourceGenerators\Common.SourceGenerators.csproj", "{88357AFF-C2DF-4EBC-80CA-129A2E39745D}"
EndProject
Project("{FAE04EC0-301F-11D3-BF4B-00C04F79EFBC}") = "Products.Application", "src\Modules\Products\Products.Application\Products.Application.csproj", "{9372F614-1A94-4282-8D5B-2B26AB7CC693}"
EndProject
Project("{FAE04EC0-301F-11D3-BF4B-00C04F79EFBC}") = "Products.Domain", "src\Modules\Products\Products.Domain\Products.Domain.csproj", "{768CF4A8-8374-4BD0-80AE-7F2A757DB8CE}"
EndProject
Project("{FAE04EC0-301F-11D3-BF4B-00C04F79EFBC}") = "Products.Infrastructure", "src\Modules\Products\Products.Infrastructure\Products.Infrastructure.csproj", "{72BE51AE-9B37-4BE2-B9D4-E3F8C9B2414C}"
EndProject
Project("{FAE04EC0-301F-11D3-BF4B-00C04F79EFBC}") = "Products.UnitTests", "tests\UnitTests\Modules\Products.UnitTests\Products.UnitTests.csproj", "{AFE2F3EE-D973-4952-95C9-26925FA2558C}"
EndProject
Project("{FAE04EC0-301F-11D3-BF4B-00C04F79EFBC}") = "Products.Endpoints", "src\Modules\Products\Products.Endpoints\Products.Endpoints.csproj", "{59DC8196-7E3E-4F74-9EDC-0E9DA9E48760}"
EndProject
Project("{FAE04EC0-301F-11D3-BF4B-00C04F79EFBC}") = "Common.Endpoints", "src\Common\Common.Endpoints\Common.Endpoints.csproj", "{7FA6B4B2-B890-4FA8-A385-6893FB2642C9}"
EndProject
Project("{FAE04EC0-301F-11D3-BF4B-00C04F79EFBC}") = "IAM.Endpoints", "src\Modules\IAM\IAM.Endpoints\IAM.Endpoints.csproj", "{F5BB94BF-9F4A-441F-AD14-0C53042B2D04}"
EndProject
Project("{2150E333-8FDC-42A3-9474-1A3956D46DE8}") = "debezium-init", "debezium-init", "{CA281998-F18E-4CEA-BA8E-6342CFB23871}"
	ProjectSection(SolutionItems) = preProject
		debezium-init\outbox-connector.json = debezium-init\outbox-connector.json
	EndProjectSection
EndProject
Project("{2150E333-8FDC-42A3-9474-1A3956D46DE8}") = "db-init", "db-init", "{A2A3ED86-DC4C-456B-A197-DF1B898D2F27}"
	ProjectSection(SolutionItems) = preProject
		db-init\alter-wal.sql = db-init\alter-wal.sql
		db-init\create-publication.sql = db-init\create-publication.sql
	EndProjectSection
EndProject
Project("{2150E333-8FDC-42A3-9474-1A3956D46DE8}") = "kafka-init", "kafka-init", "{2C6D3416-63E1-4718-B69B-91EE36914896}"
	ProjectSection(SolutionItems) = preProject
		kafka-init\create-outbox-topic.sh = kafka-init\create-outbox-topic.sh
	EndProjectSection
EndProject
Project("{2150E333-8FDC-42A3-9474-1A3956D46DE8}") = "postman", "postman", "{080CAD1D-B14F-4B0B-9B51-9D221DA058EF}"
	ProjectSection(SolutionItems) = preProject
		postman\ModularMonolith_postman_collection.json = postman\ModularMonolith_postman_collection.json
		postman\ModularMonolith-Local_postman_environment.json = postman\ModularMonolith-Local_postman_environment.json
	EndProjectSection
EndProject
Global
	GlobalSection(SolutionConfigurationPlatforms) = preSolution
		Debug|Any CPU = Debug|Any CPU
		Release|Any CPU = Release|Any CPU
	EndGlobalSection
	GlobalSection(ProjectConfigurationPlatforms) = postSolution
		{86F3B14C-632E-40C1-9547-B760019F3342}.Debug|Any CPU.ActiveCfg = Debug|Any CPU
		{86F3B14C-632E-40C1-9547-B760019F3342}.Debug|Any CPU.Build.0 = Debug|Any CPU
		{86F3B14C-632E-40C1-9547-B760019F3342}.Release|Any CPU.ActiveCfg = Release|Any CPU
		{86F3B14C-632E-40C1-9547-B760019F3342}.Release|Any CPU.Build.0 = Release|Any CPU
		{2DEE0752-DB5A-416F-A7AF-1E9AC09EF8D7}.Debug|Any CPU.ActiveCfg = Debug|Any CPU
		{2DEE0752-DB5A-416F-A7AF-1E9AC09EF8D7}.Debug|Any CPU.Build.0 = Debug|Any CPU
		{2DEE0752-DB5A-416F-A7AF-1E9AC09EF8D7}.Release|Any CPU.ActiveCfg = Release|Any CPU
		{2DEE0752-DB5A-416F-A7AF-1E9AC09EF8D7}.Release|Any CPU.Build.0 = Release|Any CPU
		{5CA4B263-0899-44B7-B8C3-73AEF4964FA9}.Debug|Any CPU.ActiveCfg = Debug|Any CPU
		{5CA4B263-0899-44B7-B8C3-73AEF4964FA9}.Debug|Any CPU.Build.0 = Debug|Any CPU
		{5CA4B263-0899-44B7-B8C3-73AEF4964FA9}.Release|Any CPU.ActiveCfg = Release|Any CPU
		{5CA4B263-0899-44B7-B8C3-73AEF4964FA9}.Release|Any CPU.Build.0 = Release|Any CPU
		{8AD82011-C7DE-4E30-8157-7C991886F458}.Debug|Any CPU.ActiveCfg = Debug|Any CPU
		{8AD82011-C7DE-4E30-8157-7C991886F458}.Debug|Any CPU.Build.0 = Debug|Any CPU
		{8AD82011-C7DE-4E30-8157-7C991886F458}.Release|Any CPU.ActiveCfg = Release|Any CPU
		{8AD82011-C7DE-4E30-8157-7C991886F458}.Release|Any CPU.Build.0 = Release|Any CPU
		{93C276C0-67AF-4986-ACB0-F620A58125CD}.Debug|Any CPU.ActiveCfg = Debug|Any CPU
		{93C276C0-67AF-4986-ACB0-F620A58125CD}.Debug|Any CPU.Build.0 = Debug|Any CPU
		{93C276C0-67AF-4986-ACB0-F620A58125CD}.Release|Any CPU.ActiveCfg = Release|Any CPU
		{93C276C0-67AF-4986-ACB0-F620A58125CD}.Release|Any CPU.Build.0 = Release|Any CPU
		{08716446-0872-4A41-BD74-99DAA887C044}.Debug|Any CPU.ActiveCfg = Debug|Any CPU
		{08716446-0872-4A41-BD74-99DAA887C044}.Debug|Any CPU.Build.0 = Debug|Any CPU
		{08716446-0872-4A41-BD74-99DAA887C044}.Release|Any CPU.ActiveCfg = Release|Any CPU
		{08716446-0872-4A41-BD74-99DAA887C044}.Release|Any CPU.Build.0 = Release|Any CPU
		{A816E0F4-5C3F-44A3-A73E-F27B7BA97D57}.Debug|Any CPU.ActiveCfg = Debug|Any CPU
		{A816E0F4-5C3F-44A3-A73E-F27B7BA97D57}.Debug|Any CPU.Build.0 = Debug|Any CPU
		{A816E0F4-5C3F-44A3-A73E-F27B7BA97D57}.Release|Any CPU.ActiveCfg = Release|Any CPU
		{A816E0F4-5C3F-44A3-A73E-F27B7BA97D57}.Release|Any CPU.Build.0 = Release|Any CPU
		{43B85A95-2EB8-4794-8EDA-F21D164B8653}.Debug|Any CPU.ActiveCfg = Debug|Any CPU
		{43B85A95-2EB8-4794-8EDA-F21D164B8653}.Debug|Any CPU.Build.0 = Debug|Any CPU
		{43B85A95-2EB8-4794-8EDA-F21D164B8653}.Release|Any CPU.ActiveCfg = Release|Any CPU
		{43B85A95-2EB8-4794-8EDA-F21D164B8653}.Release|Any CPU.Build.0 = Release|Any CPU
		{B98762C6-316C-4D58-9665-FAB457C51956}.Debug|Any CPU.ActiveCfg = Debug|Any CPU
		{B98762C6-316C-4D58-9665-FAB457C51956}.Debug|Any CPU.Build.0 = Debug|Any CPU
		{B98762C6-316C-4D58-9665-FAB457C51956}.Release|Any CPU.ActiveCfg = Release|Any CPU
		{B98762C6-316C-4D58-9665-FAB457C51956}.Release|Any CPU.Build.0 = Release|Any CPU
		{9EF59AF5-4F02-4157-8682-8ACF556B5D7E}.Debug|Any CPU.ActiveCfg = Debug|Any CPU
		{9EF59AF5-4F02-4157-8682-8ACF556B5D7E}.Debug|Any CPU.Build.0 = Debug|Any CPU
		{9EF59AF5-4F02-4157-8682-8ACF556B5D7E}.Release|Any CPU.ActiveCfg = Release|Any CPU
		{9EF59AF5-4F02-4157-8682-8ACF556B5D7E}.Release|Any CPU.Build.0 = Release|Any CPU
		{6F0BD5ED-5063-4289-94B7-A6EA624398D7}.Debug|Any CPU.ActiveCfg = Debug|Any CPU
		{6F0BD5ED-5063-4289-94B7-A6EA624398D7}.Debug|Any CPU.Build.0 = Debug|Any CPU
		{6F0BD5ED-5063-4289-94B7-A6EA624398D7}.Release|Any CPU.ActiveCfg = Release|Any CPU
		{6F0BD5ED-5063-4289-94B7-A6EA624398D7}.Release|Any CPU.Build.0 = Release|Any CPU
		{39DA1EC6-26B5-46DA-BCE1-A94577442A98}.Debug|Any CPU.ActiveCfg = Debug|Any CPU
		{39DA1EC6-26B5-46DA-BCE1-A94577442A98}.Debug|Any CPU.Build.0 = Debug|Any CPU
		{39DA1EC6-26B5-46DA-BCE1-A94577442A98}.Release|Any CPU.ActiveCfg = Release|Any CPU
		{39DA1EC6-26B5-46DA-BCE1-A94577442A98}.Release|Any CPU.Build.0 = Release|Any CPU
		{5AC9A2F1-7F24-4DEF-AAA7-85F80ECE2968}.Debug|Any CPU.ActiveCfg = Debug|Any CPU
		{5AC9A2F1-7F24-4DEF-AAA7-85F80ECE2968}.Debug|Any CPU.Build.0 = Debug|Any CPU
		{5AC9A2F1-7F24-4DEF-AAA7-85F80ECE2968}.Release|Any CPU.ActiveCfg = Release|Any CPU
		{5AC9A2F1-7F24-4DEF-AAA7-85F80ECE2968}.Release|Any CPU.Build.0 = Release|Any CPU
		{11873F6F-252D-42EE-8071-6C4ECD59CFD6}.Debug|Any CPU.ActiveCfg = Debug|Any CPU
		{11873F6F-252D-42EE-8071-6C4ECD59CFD6}.Debug|Any CPU.Build.0 = Debug|Any CPU
		{11873F6F-252D-42EE-8071-6C4ECD59CFD6}.Release|Any CPU.ActiveCfg = Release|Any CPU
		{11873F6F-252D-42EE-8071-6C4ECD59CFD6}.Release|Any CPU.Build.0 = Release|Any CPU
		{F4489ED6-B2FD-4B12-A805-A9382A638AFB}.Debug|Any CPU.ActiveCfg = Debug|Any CPU
		{F4489ED6-B2FD-4B12-A805-A9382A638AFB}.Debug|Any CPU.Build.0 = Debug|Any CPU
		{F4489ED6-B2FD-4B12-A805-A9382A638AFB}.Release|Any CPU.ActiveCfg = Release|Any CPU
		{F4489ED6-B2FD-4B12-A805-A9382A638AFB}.Release|Any CPU.Build.0 = Release|Any CPU
		{B932CD5A-E2D2-4E22-A528-B4B94FECF38D}.Debug|Any CPU.ActiveCfg = Debug|Any CPU
		{B932CD5A-E2D2-4E22-A528-B4B94FECF38D}.Debug|Any CPU.Build.0 = Debug|Any CPU
		{B932CD5A-E2D2-4E22-A528-B4B94FECF38D}.Release|Any CPU.ActiveCfg = Release|Any CPU
		{B932CD5A-E2D2-4E22-A528-B4B94FECF38D}.Release|Any CPU.Build.0 = Release|Any CPU
		{88357AFF-C2DF-4EBC-80CA-129A2E39745D}.Debug|Any CPU.ActiveCfg = Debug|Any CPU
		{88357AFF-C2DF-4EBC-80CA-129A2E39745D}.Debug|Any CPU.Build.0 = Debug|Any CPU
		{88357AFF-C2DF-4EBC-80CA-129A2E39745D}.Release|Any CPU.ActiveCfg = Release|Any CPU
		{88357AFF-C2DF-4EBC-80CA-129A2E39745D}.Release|Any CPU.Build.0 = Release|Any CPU
		{9372F614-1A94-4282-8D5B-2B26AB7CC693}.Debug|Any CPU.ActiveCfg = Debug|Any CPU
		{9372F614-1A94-4282-8D5B-2B26AB7CC693}.Debug|Any CPU.Build.0 = Debug|Any CPU
		{9372F614-1A94-4282-8D5B-2B26AB7CC693}.Release|Any CPU.ActiveCfg = Release|Any CPU
		{9372F614-1A94-4282-8D5B-2B26AB7CC693}.Release|Any CPU.Build.0 = Release|Any CPU
		{768CF4A8-8374-4BD0-80AE-7F2A757DB8CE}.Debug|Any CPU.ActiveCfg = Debug|Any CPU
		{768CF4A8-8374-4BD0-80AE-7F2A757DB8CE}.Debug|Any CPU.Build.0 = Debug|Any CPU
		{768CF4A8-8374-4BD0-80AE-7F2A757DB8CE}.Release|Any CPU.ActiveCfg = Release|Any CPU
		{768CF4A8-8374-4BD0-80AE-7F2A757DB8CE}.Release|Any CPU.Build.0 = Release|Any CPU
		{72BE51AE-9B37-4BE2-B9D4-E3F8C9B2414C}.Debug|Any CPU.ActiveCfg = Debug|Any CPU
		{72BE51AE-9B37-4BE2-B9D4-E3F8C9B2414C}.Debug|Any CPU.Build.0 = Debug|Any CPU
		{72BE51AE-9B37-4BE2-B9D4-E3F8C9B2414C}.Release|Any CPU.ActiveCfg = Release|Any CPU
		{72BE51AE-9B37-4BE2-B9D4-E3F8C9B2414C}.Release|Any CPU.Build.0 = Release|Any CPU
		{AFE2F3EE-D973-4952-95C9-26925FA2558C}.Debug|Any CPU.ActiveCfg = Debug|Any CPU
		{AFE2F3EE-D973-4952-95C9-26925FA2558C}.Debug|Any CPU.Build.0 = Debug|Any CPU
		{AFE2F3EE-D973-4952-95C9-26925FA2558C}.Release|Any CPU.ActiveCfg = Release|Any CPU
		{AFE2F3EE-D973-4952-95C9-26925FA2558C}.Release|Any CPU.Build.0 = Release|Any CPU
		{59DC8196-7E3E-4F74-9EDC-0E9DA9E48760}.Debug|Any CPU.ActiveCfg = Debug|Any CPU
		{59DC8196-7E3E-4F74-9EDC-0E9DA9E48760}.Debug|Any CPU.Build.0 = Debug|Any CPU
		{59DC8196-7E3E-4F74-9EDC-0E9DA9E48760}.Release|Any CPU.ActiveCfg = Release|Any CPU
		{59DC8196-7E3E-4F74-9EDC-0E9DA9E48760}.Release|Any CPU.Build.0 = Release|Any CPU
		{7FA6B4B2-B890-4FA8-A385-6893FB2642C9}.Debug|Any CPU.ActiveCfg = Debug|Any CPU
		{7FA6B4B2-B890-4FA8-A385-6893FB2642C9}.Debug|Any CPU.Build.0 = Debug|Any CPU
		{7FA6B4B2-B890-4FA8-A385-6893FB2642C9}.Release|Any CPU.ActiveCfg = Release|Any CPU
		{7FA6B4B2-B890-4FA8-A385-6893FB2642C9}.Release|Any CPU.Build.0 = Release|Any CPU
		{F5BB94BF-9F4A-441F-AD14-0C53042B2D04}.Debug|Any CPU.ActiveCfg = Debug|Any CPU
		{F5BB94BF-9F4A-441F-AD14-0C53042B2D04}.Debug|Any CPU.Build.0 = Debug|Any CPU
		{F5BB94BF-9F4A-441F-AD14-0C53042B2D04}.Release|Any CPU.ActiveCfg = Release|Any CPU
		{F5BB94BF-9F4A-441F-AD14-0C53042B2D04}.Release|Any CPU.Build.0 = Release|Any CPU
	EndGlobalSection
	GlobalSection(SolutionProperties) = preSolution
		HideSolutionNode = FALSE
	EndGlobalSection
	GlobalSection(NestedProjects) = preSolution
		{C161B31F-974B-4C9E-B1B2-9CC1EC0DA774} = {123C371A-07C7-4CB8-BB17-3354463B075D}
		{86F3B14C-632E-40C1-9547-B760019F3342} = {123C371A-07C7-4CB8-BB17-3354463B075D}
		{2DEE0752-DB5A-416F-A7AF-1E9AC09EF8D7} = {C161B31F-974B-4C9E-B1B2-9CC1EC0DA774}
		{421B79E0-2999-47BA-9CC8-EE08E3F8CC5A} = {123C371A-07C7-4CB8-BB17-3354463B075D}
		{BF92B0F3-F0FB-4E74-A7E2-5D383A56D58C} = {421B79E0-2999-47BA-9CC8-EE08E3F8CC5A}
		{8AD82011-C7DE-4E30-8157-7C991886F458} = {C161B31F-974B-4C9E-B1B2-9CC1EC0DA774}
		{93C276C0-67AF-4986-ACB0-F620A58125CD} = {C161B31F-974B-4C9E-B1B2-9CC1EC0DA774}
		{08716446-0872-4A41-BD74-99DAA887C044} = {C161B31F-974B-4C9E-B1B2-9CC1EC0DA774}
		{A816E0F4-5C3F-44A3-A73E-F27B7BA97D57} = {C161B31F-974B-4C9E-B1B2-9CC1EC0DA774}
		{F842434C-F8E1-42E4-BEE4-FAE508D32604} = {421B79E0-2999-47BA-9CC8-EE08E3F8CC5A}
		{43B85A95-2EB8-4794-8EDA-F21D164B8653} = {F842434C-F8E1-42E4-BEE4-FAE508D32604}
		{B98762C6-316C-4D58-9665-FAB457C51956} = {F842434C-F8E1-42E4-BEE4-FAE508D32604}
		{1C87A8D6-AD2E-423B-86E0-BD35C94BE21A} = {421B79E0-2999-47BA-9CC8-EE08E3F8CC5A}
		{9EF59AF5-4F02-4157-8682-8ACF556B5D7E} = {F842434C-F8E1-42E4-BEE4-FAE508D32604}
		{4206D6AD-8E06-405A-8DBE-40B796236F0F} = {A60171E9-9803-4A8D-B835-6FDF7BE470DE}
		{F7D709B8-4AF0-4C92-BD63-854969999183} = {4206D6AD-8E06-405A-8DBE-40B796236F0F}
		{6F0BD5ED-5063-4289-94B7-A6EA624398D7} = {4206D6AD-8E06-405A-8DBE-40B796236F0F}
		{39DA1EC6-26B5-46DA-BCE1-A94577442A98} = {1C87A8D6-AD2E-423B-86E0-BD35C94BE21A}
		{5AC9A2F1-7F24-4DEF-AAA7-85F80ECE2968} = {1C87A8D6-AD2E-423B-86E0-BD35C94BE21A}
		{11873F6F-252D-42EE-8071-6C4ECD59CFD6} = {1C87A8D6-AD2E-423B-86E0-BD35C94BE21A}
		{F4489ED6-B2FD-4B12-A805-A9382A638AFB} = {421B79E0-2999-47BA-9CC8-EE08E3F8CC5A}
		{B932CD5A-E2D2-4E22-A528-B4B94FECF38D} = {421B79E0-2999-47BA-9CC8-EE08E3F8CC5A}
		{BCFA7F61-7B70-4B58-9761-F2B1D9AF04C8} = {7CEAA17C-1E99-46DF-A3DF-AB10E693D278}
		{111F60B8-ED74-4C81-93B4-98DBB59A40F7} = {7CEAA17C-1E99-46DF-A3DF-AB10E693D278}
		{2CA92E5B-D22B-4299-BA20-1D52FC9ECEE9} = {111F60B8-ED74-4C81-93B4-98DBB59A40F7}
		{F433B40E-06CB-4E05-BD84-F09440492105} = {111F60B8-ED74-4C81-93B4-98DBB59A40F7}
		{B546BBBC-6EA6-4773-B059-33F0D0B7F2C1} = {F433B40E-06CB-4E05-BD84-F09440492105}
		{59CE81AF-1522-4A63-8B53-2BB8683CFE2F} = {F433B40E-06CB-4E05-BD84-F09440492105}
		{7CEAA17C-1E99-46DF-A3DF-AB10E693D278} = {E6709333-F3E8-45BD-9052-1BEECF0D3904}
		{88357AFF-C2DF-4EBC-80CA-129A2E39745D} = {C161B31F-974B-4C9E-B1B2-9CC1EC0DA774}
		{9372F614-1A94-4282-8D5B-2B26AB7CC693} = {BF92B0F3-F0FB-4E74-A7E2-5D383A56D58C}
		{768CF4A8-8374-4BD0-80AE-7F2A757DB8CE} = {BF92B0F3-F0FB-4E74-A7E2-5D383A56D58C}
		{72BE51AE-9B37-4BE2-B9D4-E3F8C9B2414C} = {BF92B0F3-F0FB-4E74-A7E2-5D383A56D58C}
		{AFE2F3EE-D973-4952-95C9-26925FA2558C} = {F7D709B8-4AF0-4C92-BD63-854969999183}
		{59DC8196-7E3E-4F74-9EDC-0E9DA9E48760} = {BF92B0F3-F0FB-4E74-A7E2-5D383A56D58C}
		{7FA6B4B2-B890-4FA8-A385-6893FB2642C9} = {C161B31F-974B-4C9E-B1B2-9CC1EC0DA774}
		{F5BB94BF-9F4A-441F-AD14-0C53042B2D04} = {1C87A8D6-AD2E-423B-86E0-BD35C94BE21A}
		{CA281998-F18E-4CEA-BA8E-6342CFB23871} = {E6709333-F3E8-45BD-9052-1BEECF0D3904}
		{A2A3ED86-DC4C-456B-A197-DF1B898D2F27} = {E6709333-F3E8-45BD-9052-1BEECF0D3904}
		{2C6D3416-63E1-4718-B69B-91EE36914896} = {E6709333-F3E8-45BD-9052-1BEECF0D3904}
		{080CAD1D-B14F-4B0B-9B51-9D221DA058EF} = {E6709333-F3E8-45BD-9052-1BEECF0D3904}
	EndGlobalSection
	GlobalSection(ExtensibilityGlobals) = postSolution
		SolutionGuid = {63C0CEE2-E69F-4EFC-AF54-926D251EB97C}
	EndGlobalSection
EndGlobal
